
Microsoft Visual Studio Solution File, Format Version 12.00
# Visual Studio 14
VisualStudioVersion = 14.0.25420.1
MinimumVisualStudioVersion = 10.0.40219.1
Project("{2150E333-8FDC-42A3-9474-1A3956D46DE8}") = "server", "server", "{50C8A32C-BB1B-4132-B065-32E1A0C77804}"
EndProject
Project("{2150E333-8FDC-42A3-9474-1A3956D46DE8}") = "clients", "clients", "{2E8D59FB-C005-4FEA-B423-9E68A29C4B29}"
EndProject
Project("{2150E333-8FDC-42A3-9474-1A3956D46DE8}") = "shared", "shared", "{6E99408C-3C5D-4EBC-9A1C-9E08908E7464}"
EndProject
Project("{FAE04EC0-301F-11D3-BF4B-00C04F79EFBC}") = "Rentals.API", "Rentals.API\Rentals.API.csproj", "{A8779907-F74B-4E4D-942F-4A62D4D431B4}"
EndProject
Project("{FAE04EC0-301F-11D3-BF4B-00C04F79EFBC}") = "Rentals.WebClient", "Rentals.WebClient\Rentals.WebClient.csproj", "{BA7DF87A-921E-4868-91F4-13B583BBA7AF}"
EndProject
Project("{FAE04EC0-301F-11D3-BF4B-00C04F79EFBC}") = "Rentals.Helpers", "Rentals.Helpers\Rentals.Helpers.csproj", "{453D7614-B942-4235-AB02-7144180E47DA}"
EndProject
Project("{FAE04EC0-301F-11D3-BF4B-00C04F79EFBC}") = "Rentals.Constants", "Rentals.Constants\Rentals.Constants.csproj", "{C270F9B2-EAB9-40E5-8358-077BC2BF78E0}"
EndProject
Project("{FAE04EC0-301F-11D3-BF4B-00C04F79EFBC}") = "Rentals.WPFClient", "Rentals.WPFClient\Rentals.WPFClient.csproj", "{99C9E82C-C594-446D-AA59-8FFBC43AD226}"
EndProject
Project("{2150E333-8FDC-42A3-9474-1A3956D46DE8}") = "web-client", "web-client", "{F49876F8-0661-4E9A-8C2F-7B0CB325C0E0}"
EndProject
Project("{2150E333-8FDC-42A3-9474-1A3956D46DE8}") = "wpf-client", "wpf-client", "{D405ED5A-EAD0-478B-9D1D-129E65C542EA}"
EndProject
Project("{FAE04EC0-301F-11D3-BF4B-00C04F79EFBC}") = "Rentals.WPFClient.Modules", "Rentals.WPFClient.Modules\Rentals.WPFClient.Modules.csproj", "{AB8B448C-DD74-4D60-A041-3E5D03A32180}"
EndProject
Project("{FAE04EC0-301F-11D3-BF4B-00C04F79EFBC}") = "Rentals.WPFClient.Dashboard", "Rentals.WPFClient.Dashboard\Rentals.WPFClient.Dashboard.csproj", "{E5462CCA-E92C-452E-BC75-323DB9F2804E}"
EndProject
Project("{FAE04EC0-301F-11D3-BF4B-00C04F79EFBC}") = "Rentals.WPFClient.Async", "Rentals.WPFClient.Async\Rentals.WPFClient.Async.csproj", "{E50CD2F2-2444-492C-9A7D-D9CFAF8201DB}"
EndProject
Global
	GlobalSection(SolutionConfigurationPlatforms) = preSolution
		Debug|Any CPU = Debug|Any CPU
		Release|Any CPU = Release|Any CPU
	EndGlobalSection
	GlobalSection(ProjectConfigurationPlatforms) = postSolution
		{A8779907-F74B-4E4D-942F-4A62D4D431B4}.Debug|Any CPU.ActiveCfg = Debug|Any CPU
		{A8779907-F74B-4E4D-942F-4A62D4D431B4}.Debug|Any CPU.Build.0 = Debug|Any CPU
		{A8779907-F74B-4E4D-942F-4A62D4D431B4}.Release|Any CPU.ActiveCfg = Release|Any CPU
		{A8779907-F74B-4E4D-942F-4A62D4D431B4}.Release|Any CPU.Build.0 = Release|Any CPU
		{BA7DF87A-921E-4868-91F4-13B583BBA7AF}.Debug|Any CPU.ActiveCfg = Debug|Any CPU
		{BA7DF87A-921E-4868-91F4-13B583BBA7AF}.Debug|Any CPU.Build.0 = Debug|Any CPU
		{BA7DF87A-921E-4868-91F4-13B583BBA7AF}.Release|Any CPU.ActiveCfg = Release|Any CPU
		{BA7DF87A-921E-4868-91F4-13B583BBA7AF}.Release|Any CPU.Build.0 = Release|Any CPU
		{453D7614-B942-4235-AB02-7144180E47DA}.Debug|Any CPU.ActiveCfg = Debug|Any CPU
		{453D7614-B942-4235-AB02-7144180E47DA}.Debug|Any CPU.Build.0 = Debug|Any CPU
		{453D7614-B942-4235-AB02-7144180E47DA}.Release|Any CPU.ActiveCfg = Release|Any CPU
		{453D7614-B942-4235-AB02-7144180E47DA}.Release|Any CPU.Build.0 = Release|Any CPU
		{C270F9B2-EAB9-40E5-8358-077BC2BF78E0}.Debug|Any CPU.ActiveCfg = Debug|Any CPU
		{C270F9B2-EAB9-40E5-8358-077BC2BF78E0}.Debug|Any CPU.Build.0 = Debug|Any CPU
		{C270F9B2-EAB9-40E5-8358-077BC2BF78E0}.Release|Any CPU.ActiveCfg = Release|Any CPU
		{C270F9B2-EAB9-40E5-8358-077BC2BF78E0}.Release|Any CPU.Build.0 = Release|Any CPU
		{99C9E82C-C594-446D-AA59-8FFBC43AD226}.Debug|Any CPU.ActiveCfg = Debug|Any CPU
		{99C9E82C-C594-446D-AA59-8FFBC43AD226}.Debug|Any CPU.Build.0 = Debug|Any CPU
		{99C9E82C-C594-446D-AA59-8FFBC43AD226}.Release|Any CPU.ActiveCfg = Release|Any CPU
		{99C9E82C-C594-446D-AA59-8FFBC43AD226}.Release|Any CPU.Build.0 = Release|Any CPU
		{AB8B448C-DD74-4D60-A041-3E5D03A32180}.Debug|Any CPU.ActiveCfg = Debug|Any CPU
		{AB8B448C-DD74-4D60-A041-3E5D03A32180}.Debug|Any CPU.Build.0 = Debug|Any CPU
		{AB8B448C-DD74-4D60-A041-3E5D03A32180}.Release|Any CPU.ActiveCfg = Release|Any CPU
		{AB8B448C-DD74-4D60-A041-3E5D03A32180}.Release|Any CPU.Build.0 = Release|Any CPU
		{E5462CCA-E92C-452E-BC75-323DB9F2804E}.Debug|Any CPU.ActiveCfg = Debug|Any CPU
		{E5462CCA-E92C-452E-BC75-323DB9F2804E}.Debug|Any CPU.Build.0 = Debug|Any CPU
		{E5462CCA-E92C-452E-BC75-323DB9F2804E}.Release|Any CPU.ActiveCfg = Release|Any CPU
		{E5462CCA-E92C-452E-BC75-323DB9F2804E}.Release|Any CPU.Build.0 = Release|Any CPU
		{E50CD2F2-2444-492C-9A7D-D9CFAF8201DB}.Debug|Any CPU.ActiveCfg = Debug|Any CPU
		{E50CD2F2-2444-492C-9A7D-D9CFAF8201DB}.Debug|Any CPU.Build.0 = Debug|Any CPU
		{E50CD2F2-2444-492C-9A7D-D9CFAF8201DB}.Release|Any CPU.ActiveCfg = Release|Any CPU
		{E50CD2F2-2444-492C-9A7D-D9CFAF8201DB}.Release|Any CPU.Build.0 = Release|Any CPU
	EndGlobalSection
	GlobalSection(SolutionProperties) = preSolution
		HideSolutionNode = FALSE
	EndGlobalSection
	GlobalSection(NestedProjects) = preSolution
		{A8779907-F74B-4E4D-942F-4A62D4D431B4} = {50C8A32C-BB1B-4132-B065-32E1A0C77804}
		{BA7DF87A-921E-4868-91F4-13B583BBA7AF} = {F49876F8-0661-4E9A-8C2F-7B0CB325C0E0}
		{453D7614-B942-4235-AB02-7144180E47DA} = {6E99408C-3C5D-4EBC-9A1C-9E08908E7464}
		{C270F9B2-EAB9-40E5-8358-077BC2BF78E0} = {6E99408C-3C5D-4EBC-9A1C-9E08908E7464}
		{99C9E82C-C594-446D-AA59-8FFBC43AD226} = {D405ED5A-EAD0-478B-9D1D-129E65C542EA}
		{F49876F8-0661-4E9A-8C2F-7B0CB325C0E0} = {2E8D59FB-C005-4FEA-B423-9E68A29C4B29}
		{D405ED5A-EAD0-478B-9D1D-129E65C542EA} = {2E8D59FB-C005-4FEA-B423-9E68A29C4B29}
		{AB8B448C-DD74-4D60-A041-3E5D03A32180} = {D405ED5A-EAD0-478B-9D1D-129E65C542EA}
		{E5462CCA-E92C-452E-BC75-323DB9F2804E} = {D405ED5A-EAD0-478B-9D1D-129E65C542EA}
		{E50CD2F2-2444-492C-9A7D-D9CFAF8201DB} = {D405ED5A-EAD0-478B-9D1D-129E65C542EA}
	EndGlobalSection
EndGlobal
